
Microsoft Visual Studio Solution File, Format Version 12.00
# Visual Studio Version 16
VisualStudioVersion = 16.0.31129.286
MinimumVisualStudioVersion = 10.0.40219.1
Project("{9A19103F-16F7-4668-BE54-9A1E7A4F7556}") = "WebApplication1", "WebApplication1\WebApplication1.csproj", "{741615E7-6562-4809-AAFC-690CBAE61D44}"
EndProject
Global
	GlobalSection(SolutionConfigurationPlatforms) = preSolution
		Debug|Any CPU = Debug|Any CPU
		Release|Any CPU = Release|Any CPU
	EndGlobalSection
	GlobalSection(ProjectConfigurationPlatforms) = postSolution
		{741615E7-6562-4809-AAFC-690CBAE61D44}.Debug|Any CPU.ActiveCfg = Debug|Any CPU
		{741615E7-6562-4809-AAFC-690CBAE61D44}.Debug|Any CPU.Build.0 = Debug|Any CPU
		{741615E7-6562-4809-AAFC-690CBAE61D44}.Release|Any CPU.ActiveCfg = Release|Any CPU
		{741615E7-6562-4809-AAFC-690CBAE61D44}.Release|Any CPU.Build.0 = Release|Any CPU
	EndGlobalSection
	GlobalSection(SolutionProperties) = preSolution
		HideSolutionNode = FALSE
	EndGlobalSection
	GlobalSection(ExtensibilityGlobals) = postSolution
		SolutionGuid = {EC1CAF10-27A8-47A1-BDF3-60CB65ADB8E1}
	EndGlobalSection
EndGlobal
